
Microsoft Visual Studio Solution File, Format Version 12.00
# Visual Studio Version 17
VisualStudioVersion = 17.0.31912.275
MinimumVisualStudioVersion = 10.0.40219.1
Project("{FAE04EC0-301F-11D3-BF4B-00C04F79EFBC}") = "Atos.DevSkills.API", "Atos.DevSkills.API\Atos.DevSkills.API.csproj", "{A8101434-4A72-43EA-B072-61B610FE7E89}"
EndProject
Project("{FAE04EC0-301F-11D3-BF4B-00C04F79EFBC}") = "Atos.DevSkills.Service", "Atos.DevSkills.Service\Atos.DevSkills.Service.csproj", "{16D4B261-335B-4B3F-BAD7-D0C1FFDFE1A4}"
EndProject
Project("{FAE04EC0-301F-11D3-BF4B-00C04F79EFBC}") = "Atos.DevSkills.Infra.Data", "Atos.DevSkills.Infra.Data\Atos.DevSkills.Infra.Data.csproj", "{FC5ECC0B-6B6E-498C-A643-5280A40D16C3}"
EndProject
Project("{FAE04EC0-301F-11D3-BF4B-00C04F79EFBC}") = "Atos.DevSkills.Domain", "Atos.DevSkills.Domain\Atos.DevSkills.Domain.csproj", "{92129B52-6AC7-4CA0-BCE7-71F939EB115F}"
EndProject
Project("{FAE04EC0-301F-11D3-BF4B-00C04F79EFBC}") = "Atos.DevSkills.Test", "Atos.DevSkills.Test\Atos.DevSkills.Test.csproj", "{DB3660FE-29A6-444E-85CE-FCEAEAF05D7A}"
EndProject
Global
	GlobalSection(SolutionConfigurationPlatforms) = preSolution
		Debug|Any CPU = Debug|Any CPU
		Release|Any CPU = Release|Any CPU
	EndGlobalSection
	GlobalSection(ProjectConfigurationPlatforms) = postSolution
		{A8101434-4A72-43EA-B072-61B610FE7E89}.Debug|Any CPU.ActiveCfg = Debug|Any CPU
		{A8101434-4A72-43EA-B072-61B610FE7E89}.Debug|Any CPU.Build.0 = Debug|Any CPU
		{A8101434-4A72-43EA-B072-61B610FE7E89}.Release|Any CPU.ActiveCfg = Release|Any CPU
		{A8101434-4A72-43EA-B072-61B610FE7E89}.Release|Any CPU.Build.0 = Release|Any CPU
		{16D4B261-335B-4B3F-BAD7-D0C1FFDFE1A4}.Debug|Any CPU.ActiveCfg = Debug|Any CPU
		{16D4B261-335B-4B3F-BAD7-D0C1FFDFE1A4}.Debug|Any CPU.Build.0 = Debug|Any CPU
		{16D4B261-335B-4B3F-BAD7-D0C1FFDFE1A4}.Release|Any CPU.ActiveCfg = Release|Any CPU
		{16D4B261-335B-4B3F-BAD7-D0C1FFDFE1A4}.Release|Any CPU.Build.0 = Release|Any CPU
		{FC5ECC0B-6B6E-498C-A643-5280A40D16C3}.Debug|Any CPU.ActiveCfg = Debug|Any CPU
		{FC5ECC0B-6B6E-498C-A643-5280A40D16C3}.Debug|Any CPU.Build.0 = Debug|Any CPU
		{FC5ECC0B-6B6E-498C-A643-5280A40D16C3}.Release|Any CPU.ActiveCfg = Release|Any CPU
		{FC5ECC0B-6B6E-498C-A643-5280A40D16C3}.Release|Any CPU.Build.0 = Release|Any CPU
		{92129B52-6AC7-4CA0-BCE7-71F939EB115F}.Debug|Any CPU.ActiveCfg = Debug|Any CPU
		{92129B52-6AC7-4CA0-BCE7-71F939EB115F}.Debug|Any CPU.Build.0 = Debug|Any CPU
		{92129B52-6AC7-4CA0-BCE7-71F939EB115F}.Release|Any CPU.ActiveCfg = Release|Any CPU
		{92129B52-6AC7-4CA0-BCE7-71F939EB115F}.Release|Any CPU.Build.0 = Release|Any CPU
		{DB3660FE-29A6-444E-85CE-FCEAEAF05D7A}.Debug|Any CPU.ActiveCfg = Debug|Any CPU
		{DB3660FE-29A6-444E-85CE-FCEAEAF05D7A}.Debug|Any CPU.Build.0 = Debug|Any CPU
		{DB3660FE-29A6-444E-85CE-FCEAEAF05D7A}.Release|Any CPU.ActiveCfg = Release|Any CPU
		{DB3660FE-29A6-444E-85CE-FCEAEAF05D7A}.Release|Any CPU.Build.0 = Release|Any CPU
	EndGlobalSection
	GlobalSection(SolutionProperties) = preSolution
		HideSolutionNode = FALSE
	EndGlobalSection
	GlobalSection(ExtensibilityGlobals) = postSolution
		SolutionGuid = {8DFBF740-5179-428A-9623-141E3A377E22}
	EndGlobalSection
EndGlobal
